
Microsoft Visual Studio Solution File, Format Version 12.00
# Visual Studio Version 17
VisualStudioVersion = 17.0.31903.59
MinimumVisualStudioVersion = 10.0.40219.1
Project("{FAE04EC0-301F-11D3-BF4B-00C04F79EFBC}") = "DotNetDependencyTreeBuilder", "DotNetDependencyTreeBuilder\DotNetDependencyTreeBuilder.csproj", "{5F40AB6A-3251-460D-94D1-561D150BBA6B}"
EndProject
Project("{FAE04EC0-301F-11D3-BF4B-00C04F79EFBC}") = "DotNetDependencyTreeBuilder.Tests", "DotNetDependencyTreeBuilder.Tests\DotNetDependencyTreeBuilder.Tests.csproj", "{4AB08A57-8BCC-454E-AB28-3FE651452FB3}"
EndProject
Global
	GlobalSection(SolutionConfigurationPlatforms) = preSolution
		Debug|Any CPU = Debug|Any CPU
		Debug|x64 = Debug|x64
		Debug|x86 = Debug|x86
		Release|Any CPU = Release|Any CPU
		Release|x64 = Release|x64
		Release|x86 = Release|x86
	EndGlobalSection
	GlobalSection(ProjectConfigurationPlatforms) = postSolution
		{5F40AB6A-3251-460D-94D1-561D150BBA6B}.Debug|Any CPU.ActiveCfg = Debug|Any CPU
		{5F40AB6A-3251-460D-94D1-561D150BBA6B}.Debug|Any CPU.Build.0 = Debug|Any CPU
		{5F40AB6A-3251-460D-94D1-561D150BBA6B}.Debug|x64.ActiveCfg = Debug|Any CPU
		{5F40AB6A-3251-460D-94D1-561D150BBA6B}.Debug|x64.Build.0 = Debug|Any CPU
		{5F40AB6A-3251-460D-94D1-561D150BBA6B}.Debug|x86.ActiveCfg = Debug|Any CPU
		{5F40AB6A-3251-460D-94D1-561D150BBA6B}.Debug|x86.Build.0 = Debug|Any CPU
		{5F40AB6A-3251-460D-94D1-561D150BBA6B}.Release|Any CPU.ActiveCfg = Release|Any CPU
		{5F40AB6A-3251-460D-94D1-561D150BBA6B}.Release|Any CPU.Build.0 = Release|Any CPU
		{5F40AB6A-3251-460D-94D1-561D150BBA6B}.Release|x64.ActiveCfg = Release|Any CPU
		{5F40AB6A-3251-460D-94D1-561D150BBA6B}.Release|x64.Build.0 = Release|Any CPU
		{5F40AB6A-3251-460D-94D1-561D150BBA6B}.Release|x86.ActiveCfg = Release|Any CPU
		{5F40AB6A-3251-460D-94D1-561D150BBA6B}.Release|x86.Build.0 = Release|Any CPU
		{4AB08A57-8BCC-454E-AB28-3FE651452FB3}.Debug|Any CPU.ActiveCfg = Debug|Any CPU
		{4AB08A57-8BCC-454E-AB28-3FE651452FB3}.Debug|Any CPU.Build.0 = Debug|Any CPU
		{4AB08A57-8BCC-454E-AB28-3FE651452FB3}.Debug|x64.ActiveCfg = Debug|Any CPU
		{4AB08A57-8BCC-454E-AB28-3FE651452FB3}.Debug|x64.Build.0 = Debug|Any CPU
		{4AB08A57-8BCC-454E-AB28-3FE651452FB3}.Debug|x86.ActiveCfg = Debug|Any CPU
		{4AB08A57-8BCC-454E-AB28-3FE651452FB3}.Debug|x86.Build.0 = Debug|Any CPU
		{4AB08A57-8BCC-454E-AB28-3FE651452FB3}.Release|Any CPU.ActiveCfg = Release|Any CPU
		{4AB08A57-8BCC-454E-AB28-3FE651452FB3}.Release|Any CPU.Build.0 = Release|Any CPU
		{4AB08A57-8BCC-454E-AB28-3FE651452FB3}.Release|x64.ActiveCfg = Release|Any CPU
		{4AB08A57-8BCC-454E-AB28-3FE651452FB3}.Release|x64.Build.0 = Release|Any CPU
		{4AB08A57-8BCC-454E-AB28-3FE651452FB3}.Release|x86.ActiveCfg = Release|Any CPU
		{4AB08A57-8BCC-454E-AB28-3FE651452FB3}.Release|x86.Build.0 = Release|Any CPU
	EndGlobalSection
	GlobalSection(SolutionProperties) = preSolution
		HideSolutionNode = FALSE
	EndGlobalSection
EndGlobal
